github.com/tazhibayda/testProject_Golang v0.0.0-20230415073255-bb7df5a5dc93 h1:Lerv515JMAhFphnkJnuwkeCPYAq+lribFb/00Ky2nIg=
github.com/tazhibayda/testProject_Golang v0.0.0-20230415073255-bb7df5a5dc93/go.mod h1:xbIV6YspU3TBsdvdY0+/7mKljbEOxNpycY7g4ne9Inw=
github.com/tazhibayda/testProject_Golang v0.0.0-20230420091450-938f24888708 h1:wxzNE7qKH1FuDVG8ziKdUeL/g5Y0aZFtPsky4WATLys=
github.com/tazhibayda/testProject_Golang v0.0.0-20230420091450-938f24888708/go.mod h1:xbIV6YspU3TBsdvdY0+/7mKljbEOxNpycY7g4ne9Inw=
